
Microsoft Visual Studio Solution File, Format Version 12.00
# Visual Studio 14
VisualStudioVersion = 14.0.25123.0
MinimumVisualStudioVersion = 10.0.40219.1
Project("{FAE04EC0-301F-11D3-BF4B-00C04F79EFBC}") = "InfernoProjectThing", "InfernoProjectThing\InfernoProjectThing.csproj", "{057D1CE8-D872-4C5B-83A5-268A558C59E9}"
EndProject
Project("{FAE04EC0-301F-11D3-BF4B-00C04F79EFBC}") = "CarLockingTest", "CarLockingTest\CarLockingTest.csproj", "{D0FCB0D0-1D8E-4FA3-A978-10D7106C9E69}"
EndProject
Global
	GlobalSection(SolutionConfigurationPlatforms) = preSolution
		Debug|Any CPU = Debug|Any CPU
		Release|Any CPU = Release|Any CPU
	EndGlobalSection
	GlobalSection(ProjectConfigurationPlatforms) = postSolution
		{057D1CE8-D872-4C5B-83A5-268A558C59E9}.Debug|Any CPU.ActiveCfg = Debug|Any CPU
		{057D1CE8-D872-4C5B-83A5-268A558C59E9}.Debug|Any CPU.Build.0 = Debug|Any CPU
		{057D1CE8-D872-4C5B-83A5-268A558C59E9}.Release|Any CPU.ActiveCfg = Release|Any CPU
		{057D1CE8-D872-4C5B-83A5-268A558C59E9}.Release|Any CPU.Build.0 = Release|Any CPU
		{D0FCB0D0-1D8E-4FA3-A978-10D7106C9E69}.Debug|Any CPU.ActiveCfg = Debug|Any CPU
		{D0FCB0D0-1D8E-4FA3-A978-10D7106C9E69}.Debug|Any CPU.Build.0 = Debug|Any CPU
		{D0FCB0D0-1D8E-4FA3-A978-10D7106C9E69}.Release|Any CPU.ActiveCfg = Release|Any CPU
		{D0FCB0D0-1D8E-4FA3-A978-10D7106C9E69}.Release|Any CPU.Build.0 = Release|Any CPU
	EndGlobalSection
	GlobalSection(SolutionProperties) = preSolution
		HideSolutionNode = FALSE
	EndGlobalSection
EndGlobal
